
Microsoft Visual Studio Solution File, Format Version 12.00
# Visual Studio Version 17
VisualStudioVersion = 17.3.32825.248
MinimumVisualStudioVersion = 10.0.40219.1
Project("{FAE04EC0-301F-11D3-BF4B-00C04F79EFBC}") = "cv06", "cv06\cv06.csproj", "{C4FE6475-76F3-48A3-9DD9-F29D236C8BD2}"
EndProject
Global
	GlobalSection(SolutionConfigurationPlatforms) = preSolution
		Debug|Any CPU = Debug|Any CPU
		Release|Any CPU = Release|Any CPU
	EndGlobalSection
	GlobalSection(ProjectConfigurationPlatforms) = postSolution
		{C4FE6475-76F3-48A3-9DD9-F29D236C8BD2}.Debug|Any CPU.ActiveCfg = Debug|Any CPU
		{C4FE6475-76F3-48A3-9DD9-F29D236C8BD2}.Debug|Any CPU.Build.0 = Debug|Any CPU
		{C4FE6475-76F3-48A3-9DD9-F29D236C8BD2}.Release|Any CPU.ActiveCfg = Release|Any CPU
		{C4FE6475-76F3-48A3-9DD9-F29D236C8BD2}.Release|Any CPU.Build.0 = Release|Any CPU
	EndGlobalSection
	GlobalSection(SolutionProperties) = preSolution
		HideSolutionNode = FALSE
	EndGlobalSection
	GlobalSection(ExtensibilityGlobals) = postSolution
		SolutionGuid = {C14A2491-C65B-427F-88B5-BD4192A328C9}
	EndGlobalSection
EndGlobal
