
Microsoft Visual Studio Solution File, Format Version 12.00
# Visual Studio Version 17
VisualStudioVersion = 17.4.33403.182
MinimumVisualStudioVersion = 10.0.40219.1
Project("{FAE04EC0-301F-11D3-BF4B-00C04F79EFBC}") = "cv03", "cv03\cv03.csproj", "{CDFB2D45-7EC4-47C5-BF9E-09499A3353C7}"
EndProject
Global
	GlobalSection(SolutionConfigurationPlatforms) = preSolution
		Debug|Any CPU = Debug|Any CPU
		Release|Any CPU = Release|Any CPU
	EndGlobalSection
	GlobalSection(ProjectConfigurationPlatforms) = postSolution
		{CDFB2D45-7EC4-47C5-BF9E-09499A3353C7}.Debug|Any CPU.ActiveCfg = Debug|Any CPU
		{CDFB2D45-7EC4-47C5-BF9E-09499A3353C7}.Debug|Any CPU.Build.0 = Debug|Any CPU
		{CDFB2D45-7EC4-47C5-BF9E-09499A3353C7}.Release|Any CPU.ActiveCfg = Release|Any CPU
		{CDFB2D45-7EC4-47C5-BF9E-09499A3353C7}.Release|Any CPU.Build.0 = Release|Any CPU
	EndGlobalSection
	GlobalSection(SolutionProperties) = preSolution
		HideSolutionNode = FALSE
	EndGlobalSection
	GlobalSection(ExtensibilityGlobals) = postSolution
		SolutionGuid = {BB5454D1-ED63-40AC-AD64-87189B99A9B0}
	EndGlobalSection
EndGlobal
